
Microsoft Visual Studio Solution File, Format Version 12.00
# Visual Studio Version 17
VisualStudioVersion = 17.5.002.0
MinimumVisualStudioVersion = 10.0.40219.1
Project("{2150E333-8FDC-42A3-9474-1A3956D46DE8}") = "LogicaProgramacao", "LogicaProgramacao", "{8402A463-E110-4920-90D4-A78BD7783E26}"
EndProject
Project("{9A19103F-16F7-4668-BE54-9A1E7A4F7556}") = "ex001", "LogicaProgramacao\ex001\ex001.csproj", "{BCAD2F81-3599-4D5D-9293-7BC55F1CC069}"
EndProject
Project("{9A19103F-16F7-4668-BE54-9A1E7A4F7556}") = "ex002", "LogicaProgramacao\ex002\ex002.csproj", "{5CA3AC14-0CEA-4FA3-B512-B09B87927C58}"
EndProject
Project("{9A19103F-16F7-4668-BE54-9A1E7A4F7556}") = "ex003", "LogicaProgramacao\ex003\ex003.csproj", "{737981FC-C557-4D48-9C78-A1590607F80F}"
EndProject
Project("{9A19103F-16F7-4668-BE54-9A1E7A4F7556}") = "ex004", "LogicaProgramacao\ex004\ex004.csproj", "{33158BB9-C555-4E95-BDB0-48475017FC51}"
EndProject
Project("{9A19103F-16F7-4668-BE54-9A1E7A4F7556}") = "ex005", "LogicaProgramacao\ex005\ex005.csproj", "{B048DDAB-775A-4E61-BA35-FF9D6260B2AB}"
EndProject
Project("{9A19103F-16F7-4668-BE54-9A1E7A4F7556}") = "ex006", "LogicaProgramacao\ex006\ex006.csproj", "{C746284A-62C0-4B15-8F24-83C0CF509CFF}"
EndProject
Project("{9A19103F-16F7-4668-BE54-9A1E7A4F7556}") = "ex007", "LogicaProgramacao\ex007\ex007.csproj", "{41D92146-171A-46D8-945A-B3639F1CA2C1}"
EndProject
Project("{9A19103F-16F7-4668-BE54-9A1E7A4F7556}") = "ex009", "LogicaProgramacao\ex009\ex009.csproj", "{B9DB9BAD-B7AA-4B94-89A8-B0D0571ACF0E}"
EndProject
Project("{9A19103F-16F7-4668-BE54-9A1E7A4F7556}") = "ex010", "LogicaProgramacao\ex010\ex010.csproj", "{1C352D70-8DA1-4F7C-B82C-4C304FCCA996}"
EndProject
Project("{9A19103F-16F7-4668-BE54-9A1E7A4F7556}") = "ex012", "LogicaProgramacao\ex012\ex012.csproj", "{BCC427F6-8DCF-42CE-A8AB-972AB243ABE0}"
EndProject
Project("{9A19103F-16F7-4668-BE54-9A1E7A4F7556}") = "ex013", "LogicaProgramacao\ex013\ex013.csproj", "{C7396F02-3631-48FA-AAB4-020A9B9B47B7}"
EndProject
Project("{9A19103F-16F7-4668-BE54-9A1E7A4F7556}") = "ex014", "LogicaProgramacao\ex014\ex014.csproj", "{B81C0BED-7550-4F41-B79D-E9184EC40D00}"
EndProject
Project("{9A19103F-16F7-4668-BE54-9A1E7A4F7556}") = "ex015", "LogicaProgramacao\ex015\ex015.csproj", "{B50618E9-F440-4CF7-837E-3D9BE7D24EFC}"
EndProject
Global
	GlobalSection(SolutionConfigurationPlatforms) = preSolution
		Debug|Any CPU = Debug|Any CPU
		Release|Any CPU = Release|Any CPU
	EndGlobalSection
	GlobalSection(ProjectConfigurationPlatforms) = postSolution
		{BCAD2F81-3599-4D5D-9293-7BC55F1CC069}.Debug|Any CPU.ActiveCfg = Debug|Any CPU
		{BCAD2F81-3599-4D5D-9293-7BC55F1CC069}.Debug|Any CPU.Build.0 = Debug|Any CPU
		{BCAD2F81-3599-4D5D-9293-7BC55F1CC069}.Release|Any CPU.ActiveCfg = Release|Any CPU
		{BCAD2F81-3599-4D5D-9293-7BC55F1CC069}.Release|Any CPU.Build.0 = Release|Any CPU
		{5CA3AC14-0CEA-4FA3-B512-B09B87927C58}.Debug|Any CPU.ActiveCfg = Debug|Any CPU
		{5CA3AC14-0CEA-4FA3-B512-B09B87927C58}.Debug|Any CPU.Build.0 = Debug|Any CPU
		{5CA3AC14-0CEA-4FA3-B512-B09B87927C58}.Release|Any CPU.ActiveCfg = Release|Any CPU
		{5CA3AC14-0CEA-4FA3-B512-B09B87927C58}.Release|Any CPU.Build.0 = Release|Any CPU
		{737981FC-C557-4D48-9C78-A1590607F80F}.Debug|Any CPU.ActiveCfg = Debug|Any CPU
		{737981FC-C557-4D48-9C78-A1590607F80F}.Debug|Any CPU.Build.0 = Debug|Any CPU
		{737981FC-C557-4D48-9C78-A1590607F80F}.Release|Any CPU.ActiveCfg = Release|Any CPU
		{737981FC-C557-4D48-9C78-A1590607F80F}.Release|Any CPU.Build.0 = Release|Any CPU
		{33158BB9-C555-4E95-BDB0-48475017FC51}.Debug|Any CPU.ActiveCfg = Debug|Any CPU
		{33158BB9-C555-4E95-BDB0-48475017FC51}.Debug|Any CPU.Build.0 = Debug|Any CPU
		{33158BB9-C555-4E95-BDB0-48475017FC51}.Release|Any CPU.ActiveCfg = Release|Any CPU
		{33158BB9-C555-4E95-BDB0-48475017FC51}.Release|Any CPU.Build.0 = Release|Any CPU
		{B048DDAB-775A-4E61-BA35-FF9D6260B2AB}.Debug|Any CPU.ActiveCfg = Debug|Any CPU
		{B048DDAB-775A-4E61-BA35-FF9D6260B2AB}.Debug|Any CPU.Build.0 = Debug|Any CPU
		{B048DDAB-775A-4E61-BA35-FF9D6260B2AB}.Release|Any CPU.ActiveCfg = Release|Any CPU
		{B048DDAB-775A-4E61-BA35-FF9D6260B2AB}.Release|Any CPU.Build.0 = Release|Any CPU
		{C746284A-62C0-4B15-8F24-83C0CF509CFF}.Debug|Any CPU.ActiveCfg = Debug|Any CPU
		{C746284A-62C0-4B15-8F24-83C0CF509CFF}.Debug|Any CPU.Build.0 = Debug|Any CPU
		{C746284A-62C0-4B15-8F24-83C0CF509CFF}.Release|Any CPU.ActiveCfg = Release|Any CPU
		{C746284A-62C0-4B15-8F24-83C0CF509CFF}.Release|Any CPU.Build.0 = Release|Any CPU
		{41D92146-171A-46D8-945A-B3639F1CA2C1}.Debug|Any CPU.ActiveCfg = Debug|Any CPU
		{41D92146-171A-46D8-945A-B3639F1CA2C1}.Debug|Any CPU.Build.0 = Debug|Any CPU
		{41D92146-171A-46D8-945A-B3639F1CA2C1}.Release|Any CPU.ActiveCfg = Release|Any CPU
		{41D92146-171A-46D8-945A-B3639F1CA2C1}.Release|Any CPU.Build.0 = Release|Any CPU
		{B9DB9BAD-B7AA-4B94-89A8-B0D0571ACF0E}.Debug|Any CPU.ActiveCfg = Debug|Any CPU
		{B9DB9BAD-B7AA-4B94-89A8-B0D0571ACF0E}.Debug|Any CPU.Build.0 = Debug|Any CPU
		{B9DB9BAD-B7AA-4B94-89A8-B0D0571ACF0E}.Release|Any CPU.ActiveCfg = Release|Any CPU
		{B9DB9BAD-B7AA-4B94-89A8-B0D0571ACF0E}.Release|Any CPU.Build.0 = Release|Any CPU
		{1C352D70-8DA1-4F7C-B82C-4C304FCCA996}.Debug|Any CPU.ActiveCfg = Debug|Any CPU
		{1C352D70-8DA1-4F7C-B82C-4C304FCCA996}.Debug|Any CPU.Build.0 = Debug|Any CPU
		{1C352D70-8DA1-4F7C-B82C-4C304FCCA996}.Release|Any CPU.ActiveCfg = Release|Any CPU
		{1C352D70-8DA1-4F7C-B82C-4C304FCCA996}.Release|Any CPU.Build.0 = Release|Any CPU
		{BCC427F6-8DCF-42CE-A8AB-972AB243ABE0}.Debug|Any CPU.ActiveCfg = Debug|Any CPU
		{BCC427F6-8DCF-42CE-A8AB-972AB243ABE0}.Debug|Any CPU.Build.0 = Debug|Any CPU
		{BCC427F6-8DCF-42CE-A8AB-972AB243ABE0}.Release|Any CPU.ActiveCfg = Release|Any CPU
		{BCC427F6-8DCF-42CE-A8AB-972AB243ABE0}.Release|Any CPU.Build.0 = Release|Any CPU
		{C7396F02-3631-48FA-AAB4-020A9B9B47B7}.Debug|Any CPU.ActiveCfg = Debug|Any CPU
		{C7396F02-3631-48FA-AAB4-020A9B9B47B7}.Debug|Any CPU.Build.0 = Debug|Any CPU
		{C7396F02-3631-48FA-AAB4-020A9B9B47B7}.Release|Any CPU.ActiveCfg = Release|Any CPU
		{C7396F02-3631-48FA-AAB4-020A9B9B47B7}.Release|Any CPU.Build.0 = Release|Any CPU
		{B81C0BED-7550-4F41-B79D-E9184EC40D00}.Debug|Any CPU.ActiveCfg = Debug|Any CPU
		{B81C0BED-7550-4F41-B79D-E9184EC40D00}.Debug|Any CPU.Build.0 = Debug|Any CPU
		{B81C0BED-7550-4F41-B79D-E9184EC40D00}.Release|Any CPU.ActiveCfg = Release|Any CPU
		{B81C0BED-7550-4F41-B79D-E9184EC40D00}.Release|Any CPU.Build.0 = Release|Any CPU
		{B50618E9-F440-4CF7-837E-3D9BE7D24EFC}.Debug|Any CPU.ActiveCfg = Debug|Any CPU
		{B50618E9-F440-4CF7-837E-3D9BE7D24EFC}.Debug|Any CPU.Build.0 = Debug|Any CPU
		{B50618E9-F440-4CF7-837E-3D9BE7D24EFC}.Release|Any CPU.ActiveCfg = Release|Any CPU
		{B50618E9-F440-4CF7-837E-3D9BE7D24EFC}.Release|Any CPU.Build.0 = Release|Any CPU
	EndGlobalSection
	GlobalSection(SolutionProperties) = preSolution
		HideSolutionNode = FALSE
	EndGlobalSection
	GlobalSection(NestedProjects) = preSolution
		{BCAD2F81-3599-4D5D-9293-7BC55F1CC069} = {8402A463-E110-4920-90D4-A78BD7783E26}
		{5CA3AC14-0CEA-4FA3-B512-B09B87927C58} = {8402A463-E110-4920-90D4-A78BD7783E26}
		{737981FC-C557-4D48-9C78-A1590607F80F} = {8402A463-E110-4920-90D4-A78BD7783E26}
		{33158BB9-C555-4E95-BDB0-48475017FC51} = {8402A463-E110-4920-90D4-A78BD7783E26}
		{B048DDAB-775A-4E61-BA35-FF9D6260B2AB} = {8402A463-E110-4920-90D4-A78BD7783E26}
		{C746284A-62C0-4B15-8F24-83C0CF509CFF} = {8402A463-E110-4920-90D4-A78BD7783E26}
		{41D92146-171A-46D8-945A-B3639F1CA2C1} = {8402A463-E110-4920-90D4-A78BD7783E26}
		{B9DB9BAD-B7AA-4B94-89A8-B0D0571ACF0E} = {8402A463-E110-4920-90D4-A78BD7783E26}
		{1C352D70-8DA1-4F7C-B82C-4C304FCCA996} = {8402A463-E110-4920-90D4-A78BD7783E26}
		{BCC427F6-8DCF-42CE-A8AB-972AB243ABE0} = {8402A463-E110-4920-90D4-A78BD7783E26}
		{C7396F02-3631-48FA-AAB4-020A9B9B47B7} = {8402A463-E110-4920-90D4-A78BD7783E26}
		{B81C0BED-7550-4F41-B79D-E9184EC40D00} = {8402A463-E110-4920-90D4-A78BD7783E26}
		{B50618E9-F440-4CF7-837E-3D9BE7D24EFC} = {8402A463-E110-4920-90D4-A78BD7783E26}
	EndGlobalSection
	GlobalSection(ExtensibilityGlobals) = postSolution
		SolutionGuid = {250F4181-96CF-4344-87F1-B47F2D6008C5}
	EndGlobalSection
EndGlobal
